// !$*UTF8*$!
{
	archiveVersion = 1;
	classes = {
	};
	objectVersion = 56;
	objects = {

/* Begin PBXBuildFile section */
		A10000010000000000000001 /* TempShelfApp.swift in Sources */ = {isa = PBXBuildFile; fileRef = A20000010000000000000001 /* TempShelfApp.swift */; };
		A10000020000000000000002 /* AppDelegate.swift in Sources */ = {isa = PBXBuildFile; fileRef = A20000020000000000000002 /* AppDelegate.swift */; };
		A10000030000000000000003 /* ShelfItem.swift in Sources */ = {isa = PBXBuildFile; fileRef = A20000030000000000000003 /* ShelfItem.swift */; };
		A10000040000000000000004 /* ShelfStore.swift in Sources */ = {isa = PBXBuildFile; fileRef = A20000040000000000000004 /* ShelfStore.swift */; };
		A10000050000000000000005 /* FloatingPanel.swift in Sources */ = {isa = PBXBuildFile; fileRef = A20000050000000000000005 /* FloatingPanel.swift */; };
		A10000060000000000000006 /* FloatingPanelController.swift in Sources */ = {isa = PBXBuildFile; fileRef = A20000060000000000000006 /* FloatingPanelController.swift */; };
		A10000070000000000000007 /* ShelfDropHandler.swift in Sources */ = {isa = PBXBuildFile; fileRef = A20000070000000000000007 /* ShelfDropHandler.swift */; };
		A10000080000000000000008 /* ShelfDragSource.swift in Sources */ = {isa = PBXBuildFile; fileRef = A20000080000000000000008 /* ShelfDragSource.swift */; };
		A10000090000000000000009 /* ShelfContentView.swift in Sources */ = {isa = PBXBuildFile; fileRef = A20000090000000000000009 /* ShelfContentView.swift */; };
		A10000100000000000000010 /* MenuBarView.swift in Sources */ = {isa = PBXBuildFile; fileRef = A20000100000000000000010 /* MenuBarView.swift */; };
		A10000110000000000000011 /* SettingsView.swift in Sources */ = {isa = PBXBuildFile; fileRef = A20000110000000000000011 /* SettingsView.swift */; };
		A10000120000000000000012 /* DragMonitor.swift in Sources */ = {isa = PBXBuildFile; fileRef = A20000120000000000000012 /* DragMonitor.swift */; };
		A10000130000000000000013 /* Assets.xcassets in Resources */ = {isa = PBXBuildFile; fileRef = A20000130000000000000013 /* Assets.xcassets */; };
		A10000140000000000000014 /* QuickLookCoordinator.swift in Sources */ = {isa = PBXBuildFile; fileRef = A20000150000000000000015 /* QuickLookCoordinator.swift */; };
		A10000150000000000000015 /* KeyboardHandlingView.swift in Sources */ = {isa = PBXBuildFile; fileRef = A20000160000000000000016 /* KeyboardHandlingView.swift */; };
		A10000160000000000000016 /* Quartz.framework in Frameworks */ = {isa = PBXBuildFile; fileRef = A20000170000000000000017 /* Quartz.framework */; };
		A10000170000000000000017 /* DraggableFileView.swift in Sources */ = {isa = PBXBuildFile; fileRef = A20000180000000000000018 /* DraggableFileView.swift */; };
		B10000010000000000000001 /* TestFileHelper.swift in Sources */ = {isa = PBXBuildFile; fileRef = B20000010000000000000001 /* TestFileHelper.swift */; };
		B10000020000000000000002 /* ShelfItemFactory.swift in Sources */ = {isa = PBXBuildFile; fileRef = B20000020000000000000002 /* ShelfItemFactory.swift */; };
		B10000030000000000000003 /* ShelfStoreTests.swift in Sources */ = {isa = PBXBuildFile; fileRef = B20000030000000000000003 /* ShelfStoreTests.swift */; };
		B10000040000000000000004 /* ShelfItemTests.swift in Sources */ = {isa = PBXBuildFile; fileRef = B20000040000000000000004 /* ShelfItemTests.swift */; };
		B10000050000000000000005 /* ShelfDragSourceTests.swift in Sources */ = {isa = PBXBuildFile; fileRef = B20000050000000000000005 /* ShelfDragSourceTests.swift */; };
		B10000060000000000000006 /* FloatingPanelTests.swift in Sources */ = {isa = PBXBuildFile; fileRef = B20000060000000000000006 /* FloatingPanelTests.swift */; };
		B10000070000000000000007 /* QuickLookCoordinatorTests.swift in Sources */ = {isa = PBXBuildFile; fileRef = B20000070000000000000007 /* QuickLookCoordinatorTests.swift */; };
/* End PBXBuildFile section */

/* Begin PBXContainerItemProxy section */
		B90000000000000000000000 /* PBXContainerItemProxy */ = {
			isa = PBXContainerItemProxy;
			containerPortal = A90000000000000000000000 /* Project object */;
			proxyType = 1;
			remoteGlobalIDString = A60000000000000000000000;
			remoteInfo = TempShelf;
		};
/* End PBXContainerItemProxy section */

/* Begin PBXFileReference section */
		2DAC62152F479EB900B55F96 /* TempShelf.xctestplan */ = {isa = PBXFileReference; lastKnownFileType = file; path = TempShelf.xctestplan; sourceTree = "<group>"; };
		A20000010000000000000001 /* TempShelfApp.swift */ = {isa = PBXFileReference; lastKnownFileType = sourcecode.swift; path = TempShelfApp.swift; sourceTree = "<group>"; };
		A20000020000000000000002 /* AppDelegate.swift */ = {isa = PBXFileReference; lastKnownFileType = sourcecode.swift; path = AppDelegate.swift; sourceTree = "<group>"; };
		A20000030000000000000003 /* ShelfItem.swift */ = {isa = PBXFileReference; lastKnownFileType = sourcecode.swift; path = ShelfItem.swift; sourceTree = "<group>"; };
		A20000040000000000000004 /* ShelfStore.swift */ = {isa = PBXFileReference; lastKnownFileType = sourcecode.swift; path = ShelfStore.swift; sourceTree = "<group>"; };
		A20000050000000000000005 /* FloatingPanel.swift */ = {isa = PBXFileReference; lastKnownFileType = sourcecode.swift; path = FloatingPanel.swift; sourceTree = "<group>"; };
		A20000060000000000000006 /* FloatingPanelController.swift */ = {isa = PBXFileReference; lastKnownFileType = sourcecode.swift; path = FloatingPanelController.swift; sourceTree = "<group>"; };
		A20000070000000000000007 /* ShelfDropHandler.swift */ = {isa = PBXFileReference; lastKnownFileType = sourcecode.swift; path = ShelfDropHandler.swift; sourceTree = "<group>"; };
		A20000080000000000000008 /* ShelfDragSource.swift */ = {isa = PBXFileReference; lastKnownFileType = sourcecode.swift; path = ShelfDragSource.swift; sourceTree = "<group>"; };
		A20000090000000000000009 /* ShelfContentView.swift */ = {isa = PBXFileReference; lastKnownFileType = sourcecode.swift; path = ShelfContentView.swift; sourceTree = "<group>"; };
		A20000100000000000000010 /* MenuBarView.swift */ = {isa = PBXFileReference; lastKnownFileType = sourcecode.swift; path = MenuBarView.swift; sourceTree = "<group>"; };
		A20000110000000000000011 /* SettingsView.swift */ = {isa = PBXFileReference; lastKnownFileType = sourcecode.swift; path = SettingsView.swift; sourceTree = "<group>"; };
		A20000120000000000000012 /* DragMonitor.swift */ = {isa = PBXFileReference; lastKnownFileType = sourcecode.swift; path = DragMonitor.swift; sourceTree = "<group>"; };
		A20000130000000000000013 /* Assets.xcassets */ = {isa = PBXFileReference; lastKnownFileType = folder.assetcatalog; path = Assets.xcassets; sourceTree = "<group>"; };
		A20000140000000000000014 /* TempShelf.entitlements */ = {isa = PBXFileReference; lastKnownFileType = text.plist.entitlements; path = TempShelf.entitlements; sourceTree = "<group>"; };
		A20000150000000000000015 /* QuickLookCoordinator.swift */ = {isa = PBXFileReference; lastKnownFileType = sourcecode.swift; path = QuickLookCoordinator.swift; sourceTree = "<group>"; };
		A20000160000000000000016 /* KeyboardHandlingView.swift */ = {isa = PBXFileReference; lastKnownFileType = sourcecode.swift; path = KeyboardHandlingView.swift; sourceTree = "<group>"; };
		A20000170000000000000017 /* Quartz.framework */ = {isa = PBXFileReference; lastKnownFileType = wrapper.framework; name = Quartz.framework; path = System/Library/Frameworks/Quartz.framework; sourceTree = SDKROOT; };
		A20000180000000000000018 /* DraggableFileView.swift */ = {isa = PBXFileReference; lastKnownFileType = sourcecode.swift; path = DraggableFileView.swift; sourceTree = "<group>"; };
		A30000000000000000000000 /* TempShelf.app */ = {isa = PBXFileReference; explicitFileType = wrapper.application; includeInIndex = 0; path = TempShelf.app; sourceTree = BUILT_PRODUCTS_DIR; };
		B20000010000000000000001 /* TestFileHelper.swift */ = {isa = PBXFileReference; lastKnownFileType = sourcecode.swift; path = TestFileHelper.swift; sourceTree = "<group>"; };
		B20000020000000000000002 /* ShelfItemFactory.swift */ = {isa = PBXFileReference; lastKnownFileType = sourcecode.swift; path = ShelfItemFactory.swift; sourceTree = "<group>"; };
		B20000030000000000000003 /* ShelfStoreTests.swift */ = {isa = PBXFileReference; lastKnownFileType = sourcecode.swift; path = ShelfStoreTests.swift; sourceTree = "<group>"; };
		B20000040000000000000004 /* ShelfItemTests.swift */ = {isa = PBXFileReference; lastKnownFileType = sourcecode.swift; path = ShelfItemTests.swift; sourceTree = "<group>"; };
		B20000050000000000000005 /* ShelfDragSourceTests.swift */ = {isa = PBXFileReference; lastKnownFileType = sourcecode.swift; path = ShelfDragSourceTests.swift; sourceTree = "<group>"; };
		B20000060000000000000006 /* FloatingPanelTests.swift */ = {isa = PBXFileReference; lastKnownFileType = sourcecode.swift; path = FloatingPanelTests.swift; sourceTree = "<group>"; };
		B20000070000000000000007 /* QuickLookCoordinatorTests.swift */ = {isa = PBXFileReference; lastKnownFileType = sourcecode.swift; path = QuickLookCoordinatorTests.swift; sourceTree = "<group>"; };
		B30000000000000000000000 /* TempShelfTests.xctest */ = {isa = PBXFileReference; explicitFileType = wrapper.cfbundle; includeInIndex = 0; path = TempShelfTests.xctest; sourceTree = BUILT_PRODUCTS_DIR; };
/* End PBXFileReference section */

/* Begin PBXFrameworksBuildPhase section */
		A40000000000000000000000 /* Frameworks */ = {
			isa = PBXFrameworksBuildPhase;
			buildActionMask = 2147483647;
			files = (
				A10000160000000000000016 /* Quartz.framework in Frameworks */,
			);
			runOnlyForDeploymentPostprocessing = 0;
		};
		B40000000000000000000000 /* Frameworks */ = {
			isa = PBXFrameworksBuildPhase;
			buildActionMask = 2147483647;
			files = (
			);
			runOnlyForDeploymentPostprocessing = 0;
		};
/* End PBXFrameworksBuildPhase section */

/* Begin PBXGroup section */
		2DAC62142F479DDA00B55F96 /* Recovered References */ = {
			isa = PBXGroup;
			children = (
				A20000170000000000000017 /* Quartz.framework */,
			);
			name = "Recovered References";
			sourceTree = "<group>";
		};
		A50000000000000000000000 = {
			isa = PBXGroup;
			children = (
				2DAC62152F479EB900B55F96 /* TempShelf.xctestplan */,
				A50000010000000000000001 /* TempShelf */,
				B50000000000000000000000 /* TempShelfTests */,
				A50000070000000000000007 /* Products */,
				2DAC62142F479DDA00B55F96 /* Recovered References */,
			);
			sourceTree = "<group>";
		};
		A50000010000000000000001 /* TempShelf */ = {
			isa = PBXGroup;
			children = (
				A50000020000000000000002 /* App */,
				A50000030000000000000003 /* Models */,
				A50000040000000000000004 /* Panels */,
				A50000050000000000000005 /* DragDrop */,
				A50000060000000000000006 /* Views */,
				A50000080000000000000008 /* Services */,
				A50000090000000000000009 /* Resources */,
			);
			path = TempShelf;
			sourceTree = "<group>";
		};
		A50000020000000000000002 /* App */ = {
			isa = PBXGroup;
			children = (
				A20000010000000000000001 /* TempShelfApp.swift */,
				A20000020000000000000002 /* AppDelegate.swift */,
			);
			path = App;
			sourceTree = "<group>";
		};
		A50000030000000000000003 /* Models */ = {
			isa = PBXGroup;
			children = (
				A20000030000000000000003 /* ShelfItem.swift */,
				A20000040000000000000004 /* ShelfStore.swift */,
			);
			path = Models;
			sourceTree = "<group>";
		};
		A50000040000000000000004 /* Panels */ = {
			isa = PBXGroup;
			children = (
				A20000050000000000000005 /* FloatingPanel.swift */,
				A20000060000000000000006 /* FloatingPanelController.swift */,
			);
			path = Panels;
			sourceTree = "<group>";
		};
		A50000050000000000000005 /* DragDrop */ = {
			isa = PBXGroup;
			children = (
				A20000070000000000000007 /* ShelfDropHandler.swift */,
				A20000080000000000000008 /* ShelfDragSource.swift */,
				A20000180000000000000018 /* DraggableFileView.swift */,
			);
			path = DragDrop;
			sourceTree = "<group>";
		};
		A50000060000000000000006 /* Views */ = {
			isa = PBXGroup;
			children = (
				A20000090000000000000009 /* ShelfContentView.swift */,
				A20000100000000000000010 /* MenuBarView.swift */,
				A20000110000000000000011 /* SettingsView.swift */,
				A20000160000000000000016 /* KeyboardHandlingView.swift */,
			);
			path = Views;
			sourceTree = "<group>";
		};
		A50000070000000000000007 /* Products */ = {
			isa = PBXGroup;
			children = (
				A30000000000000000000000 /* TempShelf.app */,
				B30000000000000000000000 /* TempShelfTests.xctest */,
			);
			name = Products;
			sourceTree = "<group>";
		};
		A50000080000000000000008 /* Services */ = {
			isa = PBXGroup;
			children = (
				A20000120000000000000012 /* DragMonitor.swift */,
				A20000150000000000000015 /* QuickLookCoordinator.swift */,
			);
			path = Services;
			sourceTree = "<group>";
		};
		A50000090000000000000009 /* Resources */ = {
			isa = PBXGroup;
			children = (
				A20000130000000000000013 /* Assets.xcassets */,
				A20000140000000000000014 /* TempShelf.entitlements */,
			);
			path = Resources;
			sourceTree = "<group>";
		};
		B50000000000000000000000 /* TempShelfTests */ = {
			isa = PBXGroup;
			children = (
				B50000010000000000000001 /* Helpers */,
				B50000020000000000000002 /* Models */,
				B50000030000000000000003 /* DragDrop */,
				B50000040000000000000004 /* Panels */,
				B50000050000000000000005 /* Services */,
			);
			path = TempShelfTests;
			sourceTree = "<group>";
		};
		B50000010000000000000001 /* Helpers */ = {
			isa = PBXGroup;
			children = (
				B20000010000000000000001 /* TestFileHelper.swift */,
				B20000020000000000000002 /* ShelfItemFactory.swift */,
			);
			path = Helpers;
			sourceTree = "<group>";
		};
		B50000020000000000000002 /* Models */ = {
			isa = PBXGroup;
			children = (
				B20000030000000000000003 /* ShelfStoreTests.swift */,
				B20000040000000000000004 /* ShelfItemTests.swift */,
			);
			path = Models;
			sourceTree = "<group>";
		};
		B50000030000000000000003 /* DragDrop */ = {
			isa = PBXGroup;
			children = (
				B20000050000000000000005 /* ShelfDragSourceTests.swift */,
			);
			path = DragDrop;
			sourceTree = "<group>";
		};
		B50000040000000000000004 /* Panels */ = {
			isa = PBXGroup;
			children = (
				B20000060000000000000006 /* FloatingPanelTests.swift */,
			);
			path = Panels;
			sourceTree = "<group>";
		};
		B50000050000000000000005 /* Services */ = {
			isa = PBXGroup;
			children = (
				B20000070000000000000007 /* QuickLookCoordinatorTests.swift */,
			);
			path = Services;
			sourceTree = "<group>";
		};
/* End PBXGroup section */

/* Begin PBXNativeTarget section */
		A60000000000000000000000 /* TempShelf */ = {
			isa = PBXNativeTarget;
			buildConfigurationList = A80000000000000000000000 /* Build configuration list for PBXNativeTarget "TempShelf" */;
			buildPhases = (
				A70000000000000000000000 /* Sources */,
				A40000000000000000000000 /* Frameworks */,
				A70000010000000000000001 /* Resources */,
			);
			buildRules = (
			);
			dependencies = (
			);
			name = TempShelf;
			productName = TempShelf;
			productReference = A30000000000000000000000 /* TempShelf.app */;
			productType = "com.apple.product-type.application";
		};
		B60000000000000000000000 /* TempShelfTests */ = {
			isa = PBXNativeTarget;
			buildConfigurationList = B80000000000000000000000 /* Build configuration list for PBXNativeTarget "TempShelfTests" */;
			buildPhases = (
				B70000000000000000000000 /* Sources */,
				B40000000000000000000000 /* Frameworks */,
				B70000010000000000000001 /* Resources */,
			);
			buildRules = (
			);
			dependencies = (
				BA0000000000000000000000 /* PBXTargetDependency */,
			);
			name = TempShelfTests;
			productName = TempShelfTests;
			productReference = B30000000000000000000000 /* TempShelfTests.xctest */;
			productType = "com.apple.product-type.bundle.unit-test";
		};
/* End PBXNativeTarget section */

/* Begin PBXProject section */
		A90000000000000000000000 /* Project object */ = {
			isa = PBXProject;
			attributes = {
				BuildIndependentTargetsInParallel = 1;
				LastSwiftUpdateCheck = 1600;
				LastUpgradeCheck = 1600;
				TargetAttributes = {
					A60000000000000000000000 = {
						CreatedOnToolsVersion = 16.0;
					};
					B60000000000000000000000 = {
						CreatedOnToolsVersion = 16.0;
						TestTargetID = A60000000000000000000000;
					};
				};
			};
			buildConfigurationList = AA0000000000000000000000 /* Build configuration list for PBXProject "TempShelf" */;
			compatibilityVersion = "Xcode 14.0";
			developmentRegion = en;
			hasScannedForEncodings = 0;
			knownRegions = (
				en,
				Base,
			);
			mainGroup = A50000000000000000000000;
			productRefGroup = A50000070000000000000007 /* Products */;
			projectDirPath = "";
			projectRoot = "";
			targets = (
				A60000000000000000000000 /* TempShelf */,
				B60000000000000000000000 /* TempShelfTests */,
			);
		};
/* End PBXProject section */

/* Begin PBXResourcesBuildPhase section */
		A70000010000000000000001 /* Resources */ = {
			isa = PBXResourcesBuildPhase;
			buildActionMask = 2147483647;
			files = (
				A10000130000000000000013 /* Assets.xcassets in Resources */,
			);
			runOnlyForDeploymentPostprocessing = 0;
		};
		B70000010000000000000001 /* Resources */ = {
			isa = PBXResourcesBuildPhase;
			buildActionMask = 2147483647;
			files = (
			);
			runOnlyForDeploymentPostprocessing = 0;
		};
/* End PBXResourcesBuildPhase section */

/* Begin PBXSourcesBuildPhase section */
		A70000000000000000000000 /* Sources */ = {
			isa = PBXSourcesBuildPhase;
			buildActionMask = 2147483647;
			files = (
				A10000010000000000000001 /* TempShelfApp.swift in Sources */,
				A10000020000000000000002 /* AppDelegate.swift in Sources */,
				A10000030000000000000003 /* ShelfItem.swift in Sources */,
				A10000040000000000000004 /* ShelfStore.swift in Sources */,
				A10000050000000000000005 /* FloatingPanel.swift in Sources */,
				A10000060000000000000006 /* FloatingPanelController.swift in Sources */,
				A10000070000000000000007 /* ShelfDropHandler.swift in Sources */,
				A10000080000000000000008 /* ShelfDragSource.swift in Sources */,
				A10000090000000000000009 /* ShelfContentView.swift in Sources */,
				A10000100000000000000010 /* MenuBarView.swift in Sources */,
				A10000110000000000000011 /* SettingsView.swift in Sources */,
				A10000120000000000000012 /* DragMonitor.swift in Sources */,
				A10000140000000000000014 /* QuickLookCoordinator.swift in Sources */,
				A10000150000000000000015 /* KeyboardHandlingView.swift in Sources */,
				A10000170000000000000017 /* DraggableFileView.swift in Sources */,
			);
			runOnlyForDeploymentPostprocessing = 0;
		};
		B70000000000000000000000 /* Sources */ = {
			isa = PBXSourcesBuildPhase;
			buildActionMask = 2147483647;
			files = (
				B10000010000000000000001 /* TestFileHelper.swift in Sources */,
				B10000020000000000000002 /* ShelfItemFactory.swift in Sources */,
				B10000030000000000000003 /* ShelfStoreTests.swift in Sources */,
				B10000040000000000000004 /* ShelfItemTests.swift in Sources */,
				B10000050000000000000005 /* ShelfDragSourceTests.swift in Sources */,
				B10000060000000000000006 /* FloatingPanelTests.swift in Sources */,
				B10000070000000000000007 /* QuickLookCoordinatorTests.swift in Sources */,
			);
			runOnlyForDeploymentPostprocessing = 0;
		};
/* End PBXSourcesBuildPhase section */

/* Begin PBXTargetDependency section */
		BA0000000000000000000000 /* PBXTargetDependency */ = {
			isa = PBXTargetDependency;
			target = A60000000000000000000000 /* TempShelf */;
			targetProxy = B90000000000000000000000 /* PBXContainerItemProxy */;
		};
/* End PBXTargetDependency section */

/* Begin XCBuildConfiguration section */
		AB0000000000000000000000 /* Debug */ = {
			isa = XCBuildConfiguration;
			buildSettings = {
				ALWAYS_SEARCH_USER_PATHS = NO;
				ASSETCATALOG_COMPILER_GENERATE_SWIFT_ASSET_SYMBOL_EXTENSIONS = YES;
				CLANG_ANALYZER_NONNULL = YES;
				CLANG_ANALYZER_NUMBER_OBJECT_CONVERSION = YES_AGGRESSIVE;
				CLANG_CXX_LANGUAGE_STANDARD = "gnu++20";
				CLANG_ENABLE_MODULES = YES;
				CLANG_ENABLE_OBJC_ARC = YES;
				CLANG_ENABLE_OBJC_WEAK = YES;
				CLANG_WARN_BLOCK_CAPTURE_AUTORELEASING = YES;
				CLANG_WARN_BOOL_CONVERSION = YES;
				CLANG_WARN_COMMA = YES;
				CLANG_WARN_CONSTANT_CONVERSION = YES;
				CLANG_WARN_DEPRECATED_OBJC_IMPLEMENTATIONS = YES;
				CLANG_WARN_DIRECT_OBJC_ISA_USAGE = YES_ERROR;
				CLANG_WARN_DOCUMENTATION_COMMENTS = YES;
				CLANG_WARN_EMPTY_BODY = YES;
				CLANG_WARN_ENUM_CONVERSION = YES;
				CLANG_WARN_INFINITE_RECURSION = YES;
				CLANG_WARN_INT_CONVERSION = YES;
				CLANG_WARN_NON_LITERAL_NULL_CONVERSION = YES;
				CLANG_WARN_OBJC_IMPLICIT_RETAIN_SELF = YES;
				CLANG_WARN_OBJC_LITERAL_CONVERSION = YES;
				CLANG_WARN_OBJC_ROOT_CLASS = YES_ERROR;
				CLANG_WARN_QUOTED_INCLUDE_IN_FRAMEWORK_HEADER = YES;
				CLANG_WARN_RANGE_LOOP_ANALYSIS = YES;
				CLANG_WARN_STRICT_PROTOTYPES = YES;
				CLANG_WARN_SUSPICIOUS_MOVE = YES;
				CLANG_WARN_UNGUARDED_AVAILABILITY = YES_AGGRESSIVE;
				CLANG_WARN_UNREACHABLE_CODE = YES;
				CLANG_WARN__DUPLICATE_METHOD_MATCH = YES;
				COPY_PHASE_STRIP = NO;
				DEBUG_INFORMATION_FORMAT = dwarf;
				ENABLE_STRICT_OBJC_MSGSEND = YES;
				ENABLE_TESTABILITY = YES;
				ENABLE_USER_SCRIPT_SANDBOXING = YES;
				GCC_C_LANGUAGE_STANDARD = gnu17;
				GCC_DYNAMIC_NO_PIC = NO;
				GCC_NO_COMMON_BLOCKS = YES;
				GCC_OPTIMIZATION_LEVEL = 0;
				GCC_PREPROCESSOR_DEFINITIONS = (
					"DEBUG=1",
					"$(inherited)",
				);
				GCC_WARN_64_TO_32_BIT_CONVERSION = YES;
				GCC_WARN_ABOUT_RETURN_TYPE = YES_ERROR;
				GCC_WARN_UNDECLARED_SELECTOR = YES;
				GCC_WARN_UNINITIALIZED_AUTOS = YES_AGGRESSIVE;
				GCC_WARN_UNUSED_FUNCTION = YES;
				GCC_WARN_UNUSED_VARIABLE = YES;
				MACOSX_DEPLOYMENT_TARGET = 14.0;
				MTL_ENABLE_DEBUG_INFO = INCLUDE_SOURCE;
				MTL_FAST_MATH = YES;
				ONLY_ACTIVE_ARCH = YES;
				SDKROOT = macosx;
				SWIFT_ACTIVE_COMPILATION_CONDITIONS = "DEBUG $(inherited)";
				SWIFT_OPTIMIZATION_LEVEL = "-Onone";
			};
			name = Debug;
		};
		AB0000010000000000000001 /* Release */ = {
			isa = XCBuildConfiguration;
			buildSettings = {
				ALWAYS_SEARCH_USER_PATHS = NO;
				ASSETCATALOG_COMPILER_GENERATE_SWIFT_ASSET_SYMBOL_EXTENSIONS = YES;
				CLANG_ANALYZER_NONNULL = YES;
				CLANG_ANALYZER_NUMBER_OBJECT_CONVERSION = YES_AGGRESSIVE;
				CLANG_CXX_LANGUAGE_STANDARD = "gnu++20";
				CLANG_ENABLE_MODULES = YES;
				CLANG_ENABLE_OBJC_ARC = YES;
				CLANG_ENABLE_OBJC_WEAK = YES;
				CLANG_WARN_BLOCK_CAPTURE_AUTORELEASING = YES;
				CLANG_WARN_BOOL_CONVERSION = YES;
				CLANG_WARN_COMMA = YES;
				CLANG_WARN_CONSTANT_CONVERSION = YES;
				CLANG_WARN_DEPRECATED_OBJC_IMPLEMENTATIONS = YES;
				CLANG_WARN_DIRECT_OBJC_ISA_USAGE = YES_ERROR;
				CLANG_WARN_DOCUMENTATION_COMMENTS = YES;
				CLANG_WARN_EMPTY_BODY = YES;
				CLANG_WARN_ENUM_CONVERSION = YES;
				CLANG_WARN_INFINITE_RECURSION = YES;
				CLANG_WARN_INT_CONVERSION = YES;
				CLANG_WARN_NON_LITERAL_NULL_CONVERSION = YES;
				CLANG_WARN_OBJC_IMPLICIT_RETAIN_SELF = YES;
				CLANG_WARN_OBJC_LITERAL_CONVERSION = YES;
				CLANG_WARN_OBJC_ROOT_CLASS = YES_ERROR;
				CLANG_WARN_QUOTED_INCLUDE_IN_FRAMEWORK_HEADER = YES;
				CLANG_WARN_RANGE_LOOP_ANALYSIS = YES;
				CLANG_WARN_STRICT_PROTOTYPES = YES;
				CLANG_WARN_SUSPICIOUS_MOVE = YES;
				CLANG_WARN_UNGUARDED_AVAILABILITY = YES_AGGRESSIVE;
				CLANG_WARN_UNREACHABLE_CODE = YES;
				CLANG_WARN__DUPLICATE_METHOD_MATCH = YES;
				COPY_PHASE_STRIP = NO;
				DEBUG_INFORMATION_FORMAT = "dwarf-with-dsym";
				ENABLE_NS_ASSERTIONS = NO;
				ENABLE_STRICT_OBJC_MSGSEND = YES;
				ENABLE_USER_SCRIPT_SANDBOXING = YES;
				GCC_C_LANGUAGE_STANDARD = gnu17;
				GCC_NO_COMMON_BLOCKS = YES;
				GCC_WARN_64_TO_32_BIT_CONVERSION = YES;
				GCC_WARN_ABOUT_RETURN_TYPE = YES_ERROR;
				GCC_WARN_UNDECLARED_SELECTOR = YES;
				GCC_WARN_UNINITIALIZED_AUTOS = YES_AGGRESSIVE;
				GCC_WARN_UNUSED_FUNCTION = YES;
				GCC_WARN_UNUSED_VARIABLE = YES;
				MACOSX_DEPLOYMENT_TARGET = 14.0;
				MTL_ENABLE_DEBUG_INFO = NO;
				MTL_FAST_MATH = YES;
				SDKROOT = macosx;
				SWIFT_COMPILATION_MODE = wholemodule;
			};
			name = Release;
		};
		AC0000000000000000000000 /* Debug */ = {
			isa = XCBuildConfiguration;
			buildSettings = {
				ASSETCATALOG_COMPILER_APPICON_NAME = AppIcon;
				ASSETCATALOG_COMPILER_GLOBAL_ACCENT_COLOR_NAME = AccentColor;
				CODE_SIGN_ENTITLEMENTS = TempShelf/Resources/TempShelf.entitlements;
				CODE_SIGN_STYLE = Automatic;
				COMBINE_HIDPI_IMAGES = YES;
				CURRENT_PROJECT_VERSION = 1;
				DEVELOPMENT_TEAM = "";
				ENABLE_HARDENED_RUNTIME = YES;
				GENERATE_INFOPLIST_FILE = YES;
				INFOPLIST_KEY_LSApplicationCategoryType = "public.app-category.utilities";
				INFOPLIST_KEY_LSUIElement = YES;
				INFOPLIST_KEY_NSHumanReadableCopyright = "";
				LD_RUNPATH_SEARCH_PATHS = (
					"$(inherited)",
					"@executable_path/../Frameworks",
				);
				MARKETING_VERSION = 1.0;
				PRODUCT_BUNDLE_IDENTIFIER = com.tempshelf.app;
				PRODUCT_NAME = "$(TARGET_NAME)";
				SWIFT_EMIT_LOC_STRINGS = YES;
				SWIFT_VERSION = 5.0;
			};
			name = Debug;
		};
		AC0000010000000000000001 /* Release */ = {
			isa = XCBuildConfiguration;
			buildSettings = {
				ASSETCATALOG_COMPILER_APPICON_NAME = AppIcon;
				ASSETCATALOG_COMPILER_GLOBAL_ACCENT_COLOR_NAME = AccentColor;
				CODE_SIGN_ENTITLEMENTS = TempShelf/Resources/TempShelf.entitlements;
				CODE_SIGN_STYLE = Automatic;
				COMBINE_HIDPI_IMAGES = YES;
				CURRENT_PROJECT_VERSION = 1;
				DEVELOPMENT_TEAM = "";
				ENABLE_HARDENED_RUNTIME = YES;
				GENERATE_INFOPLIST_FILE = YES;
				INFOPLIST_KEY_LSApplicationCategoryType = "public.app-category.utilities";
				INFOPLIST_KEY_LSUIElement = YES;
				INFOPLIST_KEY_NSHumanReadableCopyright = "";
				LD_RUNPATH_SEARCH_PATHS = (
					"$(inherited)",
					"@executable_path/../Frameworks",
				);
				MARKETING_VERSION = 1.0;
				PRODUCT_BUNDLE_IDENTIFIER = com.tempshelf.app;
				PRODUCT_NAME = "$(TARGET_NAME)";
				SWIFT_EMIT_LOC_STRINGS = YES;
				SWIFT_VERSION = 5.0;
			};
			name = Release;
		};
		BC0000000000000000000000 /* Debug */ = {
			isa = XCBuildConfiguration;
			buildSettings = {
				BUNDLE_LOADER = "$(TEST_HOST)";
				CODE_SIGN_STYLE = Automatic;
				CURRENT_PROJECT_VERSION = 1;
				DEVELOPMENT_TEAM = "";
				GENERATE_INFOPLIST_FILE = YES;
				MACOSX_DEPLOYMENT_TARGET = 14.0;
				MARKETING_VERSION = 1.0;
				PRODUCT_BUNDLE_IDENTIFIER = com.tempshelf.tests;
				PRODUCT_NAME = "$(TARGET_NAME)";
				SWIFT_EMIT_LOC_STRINGS = NO;
				SWIFT_VERSION = 5.0;
				TEST_HOST = "$(BUILT_PRODUCTS_DIR)/TempShelf.app/Contents/MacOS/TempShelf";
			};
			name = Debug;
		};
		BC0000010000000000000001 /* Release */ = {
			isa = XCBuildConfiguration;
			buildSettings = {
				BUNDLE_LOADER = "$(TEST_HOST)";
				CODE_SIGN_STYLE = Automatic;
				CURRENT_PROJECT_VERSION = 1;
				DEVELOPMENT_TEAM = "";
				GENERATE_INFOPLIST_FILE = YES;
				MACOSX_DEPLOYMENT_TARGET = 14.0;
				MARKETING_VERSION = 1.0;
				PRODUCT_BUNDLE_IDENTIFIER = com.tempshelf.tests;
				PRODUCT_NAME = "$(TARGET_NAME)";
				SWIFT_EMIT_LOC_STRINGS = NO;
				SWIFT_VERSION = 5.0;
				TEST_HOST = "$(BUILT_PRODUCTS_DIR)/TempShelf.app/Contents/MacOS/TempShelf";
			};
			name = Release;
		};
/* End XCBuildConfiguration section */

/* Begin XCConfigurationList section */
		A80000000000000000000000 /* Build configuration list for PBXNativeTarget "TempShelf" */ = {
			isa = XCConfigurationList;
			buildConfigurations = (
				AC0000000000000000000000 /* Debug */,
				AC0000010000000000000001 /* Release */,
			);
			defaultConfigurationIsVisible = 0;
			defaultConfigurationName = Release;
		};
		AA0000000000000000000000 /* Build configuration list for PBXProject "TempShelf" */ = {
			isa = XCConfigurationList;
			buildConfigurations = (
				AB0000000000000000000000 /* Debug */,
				AB0000010000000000000001 /* Release */,
			);
			defaultConfigurationIsVisible = 0;
			defaultConfigurationName = Release;
		};
		B80000000000000000000000 /* Build configuration list for PBXNativeTarget "TempShelfTests" */ = {
			isa = XCConfigurationList;
			buildConfigurations = (
				BC0000000000000000000000 /* Debug */,
				BC0000010000000000000001 /* Release */,
			);
			defaultConfigurationIsVisible = 0;
			defaultConfigurationName = Release;
		};
/* End XCConfigurationList section */
	};
	rootObject = A90000000000000000000000 /* Project object */;
}
